
Microsoft Visual Studio Solution File, Format Version 12.00
# Visual Studio Version 16
VisualStudioVersion = 16.0.29709.97
MinimumVisualStudioVersion = 10.0.40219.1
Project("{FAE04EC0-301F-11D3-BF4B-00C04F79EFBC}") = "laberinto", "laberinto.csproj", "{B306A245-630A-42BB-B120-A520A8BD8ABC}"
EndProject
Project("{54435603-DBB4-11D2-8724-00A0C9A8B90C}") = "instalador", "..\instalador\instalador.vdproj", "{5A51026D-AD4E-474B-8ACE-836350186A3D}"
EndProject
Global
	GlobalSection(SolutionConfigurationPlatforms) = preSolution
		Debug|Any CPU = Debug|Any CPU
		Release|Any CPU = Release|Any CPU
	EndGlobalSection
	GlobalSection(ProjectConfigurationPlatforms) = postSolution
		{B306A245-630A-42BB-B120-A520A8BD8ABC}.Debug|Any CPU.ActiveCfg = Debug|Any CPU
		{B306A245-630A-42BB-B120-A520A8BD8ABC}.Debug|Any CPU.Build.0 = Debug|Any CPU
		{B306A245-630A-42BB-B120-A520A8BD8ABC}.Release|Any CPU.ActiveCfg = Release|Any CPU
		{B306A245-630A-42BB-B120-A520A8BD8ABC}.Release|Any CPU.Build.0 = Release|Any CPU
		{5A51026D-AD4E-474B-8ACE-836350186A3D}.Debug|Any CPU.ActiveCfg = Debug
		{5A51026D-AD4E-474B-8ACE-836350186A3D}.Release|Any CPU.ActiveCfg = Release
	EndGlobalSection
	GlobalSection(SolutionProperties) = preSolution
		HideSolutionNode = FALSE
	EndGlobalSection
	GlobalSection(ExtensibilityGlobals) = postSolution
		SolutionGuid = {26DCA92B-43AB-468C-8B69-0D15D6D74009}
	EndGlobalSection
EndGlobal
